lockfileVersion: '9.0'

settings:
  autoInstallPeers: true
  excludeLinksFromLockfile: false

importers:

  .:
    devDependencies:
      '@tailwindcss/forms':
        specifier: ^0.5.9
        version: 0.5.9(tailwindcss@4.1.1)
      '@tailwindcss/typography':
        specifier: ^0.5.15
        version: 0.5.15(tailwindcss@4.1.1)
      rustywind:
        specifier: ^0.23.1
        version: 0.23.1
      tailwindcss:
        specifier: ^4.1.1
        version: 4.1.1

packages:

  '@tailwindcss/forms@0.5.9':
    resolution: {integrity: sha512-tM4XVr2+UVTxXJzey9Twx48c1gcxFStqn1pQz0tRsX8o3DvxhN5oY5pvyAbUx7VTaZxpej4Zzvc6h+1RJBzpIg==}
    peerDependencies:
      tailwindcss: '>=3.0.0 || >= 3.0.0-alpha.1 || >= 4.0.0-alpha.20'

  '@tailwindcss/typography@0.5.15':
    resolution: {integrity: sha512-AqhlCXl+8grUz8uqExv5OTtgpjuVIwFTSXTrh8y9/pw6q2ek7fJ+Y8ZEVw7EB2DCcuCOtEjf9w3+J3rzts01uA==}
    peerDependencies:
      tailwindcss: '>=3.0.0 || insiders || >=4.0.0-alpha.20'

  agent-base@5.1.1:
    resolution: {integrity: sha512-TMeqbNl2fMW0nMjTEPOwe3J/PRFP4vqeoNuQMG0HlMrtm5QxKqdvAkZ1pRBQ/ulIyDD5Yq0nJ7YbdD8ey0TO3g==}
    engines: {node: '>= 6.0.0'}

  cssesc@3.0.0:
    resolution: {integrity: sha512-/Tb/JcjK111nNScGob5MNtsntNM1aCNUDipB/TkwZFhyDrrE47SOx/18wF2bbjgc3ZzCSKW1T5nt5EbFoAz/Vg==}
    engines: {node: '>=4'}
    hasBin: true

  debug@4.3.7:
    resolution: {integrity: sha512-Er2nc/H7RrMXZBFCEim6TCmMk02Z8vLC2Rbi1KEBggpo0fS6l0S1nnapwmIi3yW/+GOJap1Krg4w0Hg80oCqgQ==}
    engines: {node: '>=6.0'}
    peerDependencies:
      supports-color: '*'
    peerDependenciesMeta:
      supports-color:
        optional: true

  https-proxy-agent@4.0.0:
    resolution: {integrity: sha512-zoDhWrkR3of1l9QAL8/scJZyLu8j/gBkcwcaQOZh7Gyh/+uJQzGVETdgT30akuwkpL8HTRfssqI3BZuV18teDg==}
    engines: {node: '>= 6.0.0'}

  lodash.castarray@4.4.0:
    resolution: {integrity: sha512-aVx8ztPv7/2ULbArGJ2Y42bG1mEQ5mGjpdvrbJcJFU3TbYybe+QlLS4pst9zV52ymy2in1KpFPiZnAOATxD4+Q==}

  lodash.isplainobject@4.0.6:
    resolution: {integrity: sha512-oSXzaWypCMHkPC3NvBEaPHf0KsA5mvPrOPgQWDsbg8n7orZ290M0BmC/jgRZ4vcJ6DTAhjrsSYgdsW/F+MFOBA==}

  lodash.merge@4.6.2:
    resolution: {integrity: sha512-0KpjqXRVvrYyCsX1swR/XTK0va6VQkQM6MNo7PqW77ByjAhoARA8EfrP1N4+KlKj8YS0ZUCtRT/YUuhyYDujIQ==}

  mini-svg-data-uri@1.4.4:
    resolution: {integrity: sha512-r9deDe9p5FJUPZAk3A59wGH7Ii9YrjjWw0jmw/liSbHl2CHiyXj6FcDXDu2K3TjVAXqiJdaw3xxwlZZr9E6nHg==}
    hasBin: true

  ms@2.1.3:
    resolution: {integrity: sha512-6FlzubTLZG3J2a/NVCAleEhjzq5oxgHyaCU9yYXvcLsvoVaHJq/s5xXI6/XXP6tz7R9xAOtHnSO/tXtF3WRTlA==}

  postcss-selector-parser@6.0.10:
    resolution: {integrity: sha512-IQ7TZdoaqbT+LCpShg46jnZVlhWD2w6iQYAcYXfHARZ7X1t/UGhhceQDs5X0cGqKvYlHNOuv7Oa1xmb0oQuA3w==}
    engines: {node: '>=4'}

  proxy-from-env@1.1.0:
    resolution: {integrity: sha512-D+zkORCbA9f1tdWRK0RaCR3GPv50cMxcrz4X8k5LTSUD1Dkw47mKJEZQNunItRTkWwgtaUSo1RVFRIG9ZXiFYg==}

  rustywind@0.23.1:
    resolution: {integrity: sha512-JsobObh0PX7/xga9tKLAFxAxJejYSCU2kb47fypbuEQL1toGY44Z3cmkIUP0oyyaK4IU0sXSwm37p5WJRQUxaA==}
    hasBin: true

  tailwindcss@4.1.1:
    resolution: {integrity: sha512-QNbdmeS979Efzim2g/bEvfuh+fTcIdp1y7gA+sb6OYSW74rt7Cr7M78AKdf6HqWT3d5AiTb7SwTT3sLQxr4/qw==}

  util-deprecate@1.0.2:
    resolution: {integrity: sha512-EPD5q1uXyFxJpCrLnCc1nHnq3gOa6DZBocAIiI2TaSCA7VCJ1UJDMagCzIkXNsUYfD1daK//LTEQ8xiIbrHtcw==}

snapshots:

  '@tailwindcss/forms@0.5.9(tailwindcss@4.1.1)':
    dependencies:
      mini-svg-data-uri: 1.4.4
      tailwindcss: 4.1.1

  '@tailwindcss/typography@0.5.15(tailwindcss@4.1.1)':
    dependencies:
      lodash.castarray: 4.4.0
      lodash.isplainobject: 4.0.6
      lodash.merge: 4.6.2
      postcss-selector-parser: 6.0.10
      tailwindcss: 4.1.1

  agent-base@5.1.1: {}

  cssesc@3.0.0: {}

  debug@4.3.7:
    dependencies:
      ms: 2.1.3

  https-proxy-agent@4.0.0:
    dependencies:
      agent-base: 5.1.1
      debug: 4.3.7
    transitivePeerDependencies:
      - supports-color

  lodash.castarray@4.4.0: {}

  lodash.isplainobject@4.0.6: {}

  lodash.merge@4.6.2: {}

  mini-svg-data-uri@1.4.4: {}

  ms@2.1.3: {}

  postcss-selector-parser@6.0.10:
    dependencies:
      cssesc: 3.0.0
      util-deprecate: 1.0.2

  proxy-from-env@1.1.0: {}

  rustywind@0.23.1:
    dependencies:
      https-proxy-agent: 4.0.0
      proxy-from-env: 1.1.0
    transitivePeerDependencies:
      - supports-color

  tailwindcss@4.1.1: {}

  util-deprecate@1.0.2: {}
