{
  "version": 2,
  "dependencies": {
    "net9.0": {
      "Microsoft.Extensions.Hosting.Abstractions": {
        "type": "Direct",
        "requested": "[9.0.2, )",
        "resolved": "9.0.2",
        "contentHash": "PvjZW6CMdZbPbOwKsQXYN5VPtIWZQqdTRuBPZiW3skhU3hymB17XSlLVC4uaBbDZU+/3eHG3p80y+MzZxZqR7Q==",
        "dependencies": {
          "Microsoft.Extensions.Configuration.Abstractions": "9.0.2",
          "Microsoft.Extensions.DependencyInjection.Abstractions": "9.0.2",
          "Microsoft.Extensions.Diagnostics.Abstractions": "9.0.2",
          "Microsoft.Extensions.FileProviders.Abstractions": "9.0.2",
          "Microsoft.Extensions.Logging.Abstractions": "9.0.2"
        }
      },
      "OpenTelemetry": {
        "type": "Direct",
        "requested": "[1.10.0, )",
        "resolved": "1.10.0",
        "contentHash": "YUWnKsu0qsD7SO45r6a6nm6dAB3kVZ4Qf5DClU9xG+ObKV2beg0VJwX3U85pAaEhE/IBFp1C8Fj7L3F6gNjpeg==",
        "dependencies": {
          "Microsoft.Extensions.Diagnostics.Abstractions": "9.0.0",
          "Microsoft.Extensions.Logging.Configuration": "9.0.0",
          "OpenTelemetry.Api.ProviderBuilderExtensions": "1.10.0"
        }
      },
      "Microsoft.Extensions.Configuration": {
        "type": "Transitive",
        "resolved": "9.0.0",
        "contentHash": "YIMO9T3JL8MeEXgVozKt2v79hquo/EFtnY0vgxmLnUvk1Rei/halI7kOWZL2RBeV9FMGzgM9LZA8CVaNwFMaNA==",
        "dependencies": {
          "Microsoft.Extensions.Configuration.Abstractions": "9.0.0",
          "Microsoft.Extensions.Primitives": "9.0.0"
        }
      },
      "Microsoft.Extensions.Configuration.Abstractions": {
        "type": "Transitive",
        "resolved": "9.0.2",
        "contentHash": "I0O/270E/lUNqbBxlRVjxKOMZyYjP88dpEgQTveml+h2lTzAP4vbawLVwjS9SC7lKaU893bwyyNz0IVJYsm9EA==",
        "dependencies": {
          "Microsoft.Extensions.Primitives": "9.0.2"
        }
      },
      "Microsoft.Extensions.Configuration.Binder": {
        "type": "Transitive",
        "resolved": "9.0.0",
        "contentHash": "RiScL99DcyngY9zJA2ROrri7Br8tn5N4hP4YNvGdTN/bvg1A3dwvDOxHnNZ3Im7x2SJ5i4LkX1uPiR/MfSFBLQ==",
        "dependencies": {
          "Microsoft.Extensions.Configuration.Abstractions": "9.0.0"
        }
      },
      "Microsoft.Extensions.DependencyInjection": {
        "type": "Transitive",
        "resolved": "9.0.0",
        "contentHash": "MCPrg7v3QgNMr0vX4vzRXvkNGgLg8vKWX0nKCWUxu2uPyMsaRgiRc1tHBnbTcfJMhMKj2slE/j2M9oGkd25DNw==",
        "dependencies": {
          "Microsoft.Extensions.DependencyInjection.Abstractions": "9.0.0"
        }
      },
      "Microsoft.Extensions.DependencyInjection.Abstractions": {
        "type": "Transitive",
        "resolved": "9.0.2",
        "contentHash": "MNe7GSTBf3jQx5vYrXF0NZvn6l7hUKF6J54ENfAgCO8y6xjN1XUmKKWG464LP2ye6QqDiA1dkaWEZBYnhoZzjg=="
      },
      "Microsoft.Extensions.Diagnostics.Abstractions": {
        "type": "Transitive",
        "resolved": "9.0.2",
        "contentHash": "kFwIZEC/37cwKuEm/nXvjF7A/Myz9O7c7P9Csgz6AOiiDE62zdOG5Bu7VkROu1oMYaX0wgijPJ5LqVt6+JKjVg==",
        "dependencies": {
          "Microsoft.Extensions.DependencyInjection.Abstractions": "9.0.2",
          "Microsoft.Extensions.Options": "9.0.2"
        }
      },
      "Microsoft.Extensions.FileProviders.Abstractions": {
        "type": "Transitive",
        "resolved": "9.0.2",
        "contentHash": "IcOBmTlr2jySswU+3x8c3ql87FRwTVPQgVKaV5AXzPT5u0VItfNU8SMbESpdSp5STwxT/1R99WYszgHWsVkzhg==",
        "dependencies": {
          "Microsoft.Extensions.Primitives": "9.0.2"
        }
      },
      "Microsoft.Extensions.Logging": {
        "type": "Transitive",
        "resolved": "9.0.0",
        "contentHash": "crjWyORoug0kK7RSNJBTeSE6VX8IQgLf3nUpTB9m62bPXp/tzbnOsnbe8TXEG0AASNaKZddnpHKw7fET8E++Pg==",
        "dependencies": {
          "Microsoft.Extensions.DependencyInjection": "9.0.0",
          "Microsoft.Extensions.Logging.Abstractions": "9.0.0",
          "Microsoft.Extensions.Options": "9.0.0"
        }
      },
      "Microsoft.Extensions.Logging.Abstractions": {
        "type": "Transitive",
        "resolved": "9.0.2",
        "contentHash": "dV9s2Lamc8jSaqhl2BQSPn/AryDIH2sSbQUyLitLXV0ROmsb+SROnn2cH939JFbsNrnf3mIM3GNRKT7P0ldwLg==",
        "dependencies": {
          "Microsoft.Extensions.DependencyInjection.Abstractions": "9.0.2"
        }
      },
      "Microsoft.Extensions.Logging.Configuration": {
        "type": "Transitive",
        "resolved": "9.0.0",
        "contentHash": "H05HiqaNmg6GjH34ocYE9Wm1twm3Oz2aXZko8GTwGBzM7op2brpAA8pJ5yyD1OpS1mXUtModBYOlcZ/wXeWsSg==",
        "dependencies": {
          "Microsoft.Extensions.Configuration": "9.0.0",
          "Microsoft.Extensions.Configuration.Abstractions": "9.0.0",
          "Microsoft.Extensions.Configuration.Binder": "9.0.0",
          "Microsoft.Extensions.DependencyInjection.Abstractions": "9.0.0",
          "Microsoft.Extensions.Logging": "9.0.0",
          "Microsoft.Extensions.Logging.Abstractions": "9.0.0",
          "Microsoft.Extensions.Options": "9.0.0",
          "Microsoft.Extensions.Options.ConfigurationExtensions": "9.0.0"
        }
      },
      "Microsoft.Extensions.Options": {
        "type": "Transitive",
        "resolved": "9.0.2",
        "contentHash": "zr98z+AN8+isdmDmQRuEJ/DAKZGUTHmdv3t0ZzjHvNqvA44nAgkXE9kYtfoN6581iALChhVaSw2Owt+Z2lVbkQ==",
        "dependencies": {
          "Microsoft.Extensions.DependencyInjection.Abstractions": "9.0.2",
          "Microsoft.Extensions.Primitives": "9.0.2"
        }
      },
      "Microsoft.Extensions.Options.ConfigurationExtensions": {
        "type": "Transitive",
        "resolved": "9.0.0",
        "contentHash": "Ob3FXsXkcSMQmGZi7qP07EQ39kZpSBlTcAZLbJLdI4FIf0Jug8biv2HTavWmnTirchctPlq9bl/26CXtQRguzA==",
        "dependencies": {
          "Microsoft.Extensions.Configuration.Abstractions": "9.0.0",
          "Microsoft.Extensions.Configuration.Binder": "9.0.0",
          "Microsoft.Extensions.DependencyInjection.Abstractions": "9.0.0",
          "Microsoft.Extensions.Options": "9.0.0",
          "Microsoft.Extensions.Primitives": "9.0.0"
        }
      },
      "Microsoft.Extensions.Primitives": {
        "type": "Transitive",
        "resolved": "9.0.2",
        "contentHash": "puBMtKe/wLuYa7H6docBkLlfec+h8L35DXqsDKKJgW0WY5oCwJ3cBJKcDaZchv6knAyqOMfsl6VUbaR++E5LXA=="
      },
      "OpenTelemetry.Api": {
        "type": "Transitive",
        "resolved": "1.10.0",
        "contentHash": "HcmxppwGFna1oY8cLX6hZ/nU1dw07UutfOVCltrbVE3RNYwRD7qFdQRtQQAoKZnbXE9yW4QMdtohcLClNFOk8w==",
        "dependencies": {
          "System.Diagnostics.DiagnosticSource": "9.0.0"
        }
      },
      "OpenTelemetry.Api.ProviderBuilderExtensions": {
        "type": "Transitive",
        "resolved": "1.10.0",
        "contentHash": "cu+jYs6WdZjNohM1LriHRBs9JvpuWrdU8/Iz+DRoC0DkfKIlFubsp4lsoiKJm/aCgDBLAyvLmMna3Y3pMM8WpA==",
        "dependencies": {
          "Microsoft.Extensions.DependencyInjection.Abstractions": "9.0.0",
          "OpenTelemetry.Api": "1.10.0"
        }
      },
      "System.Diagnostics.DiagnosticSource": {
        "type": "Transitive",
        "resolved": "9.0.0",
        "contentHash": "ddppcFpnbohLWdYKr/ZeLZHmmI+DXFgZ3Snq+/E7SwcdW4UnvxmaugkwGywvGVWkHPGCSZjCP+MLzu23AL5SDw=="
      }
    }
  }
}